
Microsoft Visual Studio Solution File, Format Version 12.00
# Visual Studio 11
Project("{2150E333-8FDC-42A3-9474-1A3956D46DE8}") = "src", "src", "{50F2E36F-09DA-477F-80ED-C4FEA5005220}"
	ProjectSection(SolutionItems) = preProject
		src\core-utils.js = src\core-utils.js
		src\core.js = src\core.js
		src\extender.js = src\extender.js
		src\methods.js = src\methods.js
	EndProjectSection
EndProject
Project("{2150E333-8FDC-42A3-9474-1A3956D46DE8}") = "build", "build", "{7CEABF08-E201-4336-B99E-C712A1EF0318}"
	ProjectSection(SolutionItems) = preProject
		build\build.ps1 = build\build.ps1
	EndProjectSection
EndProject
Project("{2150E333-8FDC-42A3-9474-1A3956D46DE8}") = "test", "test", "{C891CB19-DDB7-4F41-82D7-106F29528571}"
	ProjectSection(SolutionItems) = preProject
		test\extender.js = test\extender.js
		test\methods.js = test\methods.js
		test\test-suite.css = test\test-suite.css
		test\test-suite.html = test\test-suite.html
		test\utils.js = test\utils.js
	EndProjectSection
EndProject
Project("{2150E333-8FDC-42A3-9474-1A3956D46DE8}") = "fragments", "fragments", "{19C1118B-74A4-4F3D-AAD6-EB0A83A4E73E}"
	ProjectSection(SolutionItems) = preProject
		build\fragments\header.txt = build\fragments\header.txt
		build\fragments\source-files.txt = build\fragments\source-files.txt
		build\fragments\version.txt = build\fragments\version.txt
	EndProjectSection
EndProject
Project("{2150E333-8FDC-42A3-9474-1A3956D46DE8}") = "output", "output", "{73ED6AA8-5F26-418E-AC88-B01F190907F4}"
	ProjectSection(SolutionItems) = preProject
		build\output\knockout-validator-debug.js = build\output\knockout-validator-debug.js
	EndProjectSection
EndProject
Project("{2150E333-8FDC-42A3-9474-1A3956D46DE8}") = "Solution Items", "Solution Items", "{86F7540D-1CFD-4E75-9678-2E1461B85100}"
	ProjectSection(SolutionItems) = preProject
		.gitignore = .gitignore
		README.md = README.md
	EndProjectSection
EndProject
Global
	GlobalSection(SolutionProperties) = preSolution
		HideSolutionNode = FALSE
	EndGlobalSection
	GlobalSection(NestedProjects) = preSolution
		{19C1118B-74A4-4F3D-AAD6-EB0A83A4E73E} = {7CEABF08-E201-4336-B99E-C712A1EF0318}
		{73ED6AA8-5F26-418E-AC88-B01F190907F4} = {7CEABF08-E201-4336-B99E-C712A1EF0318}
	EndGlobalSection
EndGlobal
